
Microsoft Visual Studio Solution File, Format Version 12.00
# Visual Studio 15
VisualStudioVersion = 15.0.28307.271
MinimumVisualStudioVersion = 10.0.40219.1
Project("{888888A0-9F3D-457C-B088-3A5042F75D52}") = "test", "test.pyproj", "{66D05C3D-6DB7-4278-8D98-D48E4EC191C3}"
EndProject
Global
	GlobalSection(SolutionConfigurationPlatforms) = preSolution
		Debug|Any CPU = Debug|Any CPU
		Release|Any CPU = Release|Any CPU
	EndGlobalSection
	GlobalSection(ProjectConfigurationPlatforms) = postSolution
		{66D05C3D-6DB7-4278-8D98-D48E4EC191C3}.Debug|Any CPU.ActiveCfg = Debug|Any CPU
		{66D05C3D-6DB7-4278-8D98-D48E4EC191C3}.Release|Any CPU.ActiveCfg = Release|Any CPU
	EndGlobalSection
	GlobalSection(SolutionProperties) = preSolution
		HideSolutionNode = FALSE
	EndGlobalSection
	GlobalSection(ExtensibilityGlobals) = postSolution
		SolutionGuid = {E6FE626E-981E-40DF-852A-D0742E1FD90F}
	EndGlobalSection
EndGlobal
