
Microsoft Visual Studio Solution File, Format Version 12.00
# Visual Studio 15
VisualStudioVersion = 15.0.28307.271
MinimumVisualStudioVersion = 10.0.40219.1
Project("{888888A0-9F3D-457C-B088-3A5042F75D52}") = "PFW", "PFW.pyproj", "{87D57130-1B74-4AE2-AE74-0448EE14A8A7}"
EndProject
Global
	GlobalSection(SolutionConfigurationPlatforms) = preSolution
		Debug|Any CPU = Debug|Any CPU
		Release|Any CPU = Release|Any CPU
	EndGlobalSection
	GlobalSection(ProjectConfigurationPlatforms) = postSolution
		{87D57130-1B74-4AE2-AE74-0448EE14A8A7}.Debug|Any CPU.ActiveCfg = Debug|Any CPU
		{87D57130-1B74-4AE2-AE74-0448EE14A8A7}.Release|Any CPU.ActiveCfg = Release|Any CPU
	EndGlobalSection
	GlobalSection(SolutionProperties) = preSolution
		HideSolutionNode = FALSE
	EndGlobalSection
	GlobalSection(ExtensibilityGlobals) = postSolution
		SolutionGuid = {4D652D9C-4F69-4045-8227-EBC56C54E069}
	EndGlobalSection
EndGlobal
